// !$*UTF8*$!
{
	archiveVersion = 1;
	classes = {
	};
	objectVersion = 77;
	objects = {

/* Begin PBXContainerItemProxy section */
		9C1DEACB2D51E47F00C9F3A0 /* PBXContainerItemProxy */ = {
			isa = PBXContainerItemProxy;
			containerPortal = 9C1DEAB22D51E47E00C9F3A0 /* Project object */;
			proxyType = 1;
			remoteGlobalIDString = 9C1DEAB92D51E47E00C9F3A0;
			remoteInfo = StockScreener;
		};
		9C1DEAD52D51E47F00C9F3A0 /* PBXContainerItemProxy */ = {
			isa = PBXContainerItemProxy;
			containerPortal = 9C1DEAB22D51E47E00C9F3A0 /* Project object */;
			proxyType = 1;
			remoteGlobalIDString = 9C1DEAB92D51E47E00C9F3A0;
			remoteInfo = StockScreener;
		};
/* End PBXContainerItemProxy section */

/* Begin PBXFileReference section */
		9C1DEABA2D51E47E00C9F3A0 /* StockScreener.app */ = {isa = PBXFileReference; explicitFileType = wrapper.application; includeInIndex = 0; path = StockScreener.app; sourceTree = BUILT_PRODUCTS_DIR; };
		9C1DEACA2D51E47F00C9F3A0 /* StockScreenerTests.xctest */ = {isa = PBXFileReference; explicitFileType = wrapper.cfbundle; includeInIndex = 0; path = StockScreenerTests.xctest; sourceTree = BUILT_PRODUCTS_DIR; };
		9C1DEAD42D51E47F00C9F3A0 /* StockScreenerUITests.xctest */ = {isa = PBXFileReference; explicitFileType = wrapper.cfbundle; includeInIndex = 0; path = StockScreenerUITests.xctest; sourceTree = BUILT_PRODUCTS_DIR; };
/* End PBXFileReference section */

/* Begin PBXFileSystemSynchronizedRootGroup section */
		9C1DEABC2D51E47E00C9F3A0 /* StockScreener */ = {
			isa = PBXFileSystemSynchronizedRootGroup;
			path = StockScreener;
			sourceTree = "<group>";
		};
		9C1DEACD2D51E47F00C9F3A0 /* StockScreenerTests */ = {
			isa = PBXFileSystemSynchronizedRootGroup;
			path = StockScreenerTests;
			sourceTree = "<group>";
		};
		9C1DEAD72D51E47F00C9F3A0 /* StockScreenerUITests */ = {
			isa = PBXFileSystemSynchronizedRootGroup;
			path = StockScreenerUITests;
			sourceTree = "<group>";
		};
/* End PBXFileSystemSynchronizedRootGroup section */

/* Begin PBXFrameworksBuildPhase section */
		9C1DEAB72D51E47E00C9F3A0 /* Frameworks */ = {
			isa = PBXFrameworksBuildPhase;
			buildActionMask = 2147483647;
			files = (
			);
			runOnlyForDeploymentPostprocessing = 0;
		};
		9C1DEAC72D51E47F00C9F3A0 /* Frameworks */ = {
			isa = PBXFrameworksBuildPhase;
			buildActionMask = 2147483647;
			files = (
			);
			runOnlyForDeploymentPostprocessing = 0;
		};
		9C1DEAD12D51E47F00C9F3A0 /* Frameworks */ = {
			isa = PBXFrameworksBuildPhase;
			buildActionMask = 2147483647;
			files = (
			);
			runOnlyForDeploymentPostprocessing = 0;
		};
/* End PBXFrameworksBuildPhase section */

/* Begin PBXGroup section */
		9C1DEAB12D51E47E00C9F3A0 = {
			isa = PBXGroup;
			children = (
				9C1DEABC2D51E47E00C9F3A0 /* StockScreener */,
				9C1DEACD2D51E47F00C9F3A0 /* StockScreenerTests */,
				9C1DEAD72D51E47F00C9F3A0 /* StockScreenerUITests */,
				9C1DEABB2D51E47E00C9F3A0 /* Products */,
			);
			sourceTree = "<group>";
		};
		9C1DEABB2D51E47E00C9F3A0 /* Products */ = {
			isa = PBXGroup;
			children = (
				9C1DEABA2D51E47E00C9F3A0 /* StockScreener.app */,
				9C1DEACA2D51E47F00C9F3A0 /* StockScreenerTests.xctest */,
				9C1DEAD42D51E47F00C9F3A0 /* StockScreenerUITests.xctest */,
			);
			name = Products;
			sourceTree = "<group>";
		};
/* End PBXGroup section */

/* Begin PBXNativeTarget section */
		9C1DEAB92D51E47E00C9F3A0 /* StockScreener */ = {
			isa = PBXNativeTarget;
			buildConfigurationList = 9C1DEADE2D51E47F00C9F3A0 /* Build configuration list for PBXNativeTarget "StockScreener" */;
			buildPhases = (
				9C1DEAB62D51E47E00C9F3A0 /* Sources */,
				9C1DEAB72D51E47E00C9F3A0 /* Frameworks */,
				9C1DEAB82D51E47E00C9F3A0 /* Resources */,
			);
			buildRules = (
			);
			dependencies = (
			);
			fileSystemSynchronizedGroups = (
				9C1DEABC2D51E47E00C9F3A0 /* StockScreener */,
			);
			name = StockScreener;
			packageProductDependencies = (
			);
			productName = StockScreener;
			productReference = 9C1DEABA2D51E47E00C9F3A0 /* StockScreener.app */;
			productType = "com.apple.product-type.application";
		};
		9C1DEAC92D51E47F00C9F3A0 /* StockScreenerTests */ = {
			isa = PBXNativeTarget;
			buildConfigurationList = 9C1DEAE12D51E47F00C9F3A0 /* Build configuration list for PBXNativeTarget "StockScreenerTests" */;
			buildPhases = (
				9C1DEAC62D51E47F00C9F3A0 /* Sources */,
				9C1DEAC72D51E47F00C9F3A0 /* Frameworks */,
				9C1DEAC82D51E47F00C9F3A0 /* Resources */,
			);
			buildRules = (
			);
			dependencies = (
				9C1DEACC2D51E47F00C9F3A0 /* PBXTargetDependency */,
			);
			fileSystemSynchronizedGroups = (
				9C1DEACD2D51E47F00C9F3A0 /* StockScreenerTests */,
			);
			name = StockScreenerTests;
			packageProductDependencies = (
			);
			productName = StockScreenerTests;
			productReference = 9C1DEACA2D51E47F00C9F3A0 /* StockScreenerTests.xctest */;
			productType = "com.apple.product-type.bundle.unit-test";
		};
		9C1DEAD32D51E47F00C9F3A0 /* StockScreenerUITests */ = {
			isa = PBXNativeTarget;
			buildConfigurationList = 9C1DEAE42D51E47F00C9F3A0 /* Build configuration list for PBXNativeTarget "StockScreenerUITests" */;
			buildPhases = (
				9C1DEAD02D51E47F00C9F3A0 /* Sources */,
				9C1DEAD12D51E47F00C9F3A0 /* Frameworks */,
				9C1DEAD22D51E47F00C9F3A0 /* Resources */,
			);
			buildRules = (
			);
			dependencies = (
				9C1DEAD62D51E47F00C9F3A0 /* PBXTargetDependency */,
			);
			fileSystemSynchronizedGroups = (
				9C1DEAD72D51E47F00C9F3A0 /* StockScreenerUITests */,
			);
			name = StockScreenerUITests;
			packageProductDependencies = (
			);
			productName = StockScreenerUITests;
			productReference = 9C1DEAD42D51E47F00C9F3A0 /* StockScreenerUITests.xctest */;
			productType = "com.apple.product-type.bundle.ui-testing";
		};
/* End PBXNativeTarget section */

/* Begin PBXProject section */
		9C1DEAB22D51E47E00C9F3A0 /* Project object */ = {
			isa = PBXProject;
			attributes = {
				BuildIndependentTargetsInParallel = 1;
				LastSwiftUpdateCheck = 1610;
				LastUpgradeCheck = 1610;
				TargetAttributes = {
					9C1DEAB92D51E47E00C9F3A0 = {
						CreatedOnToolsVersion = 16.1;
					};
					9C1DEAC92D51E47F00C9F3A0 = {
						CreatedOnToolsVersion = 16.1;
						TestTargetID = 9C1DEAB92D51E47E00C9F3A0;
					};
					9C1DEAD32D51E47F00C9F3A0 = {
						CreatedOnToolsVersion = 16.1;
						TestTargetID = 9C1DEAB92D51E47E00C9F3A0;
					};
				};
			};
			buildConfigurationList = 9C1DEAB52D51E47E00C9F3A0 /* Build configuration list for PBXProject "StockScreener" */;
			developmentRegion = en;
			hasScannedForEncodings = 0;
			knownRegions = (
				en,
				Base,
			);
			mainGroup = 9C1DEAB12D51E47E00C9F3A0;
			minimizedProjectReferenceProxies = 1;
			preferredProjectObjectVersion = 77;
			productRefGroup = 9C1DEABB2D51E47E00C9F3A0 /* Products */;
			projectDirPath = "";
			projectRoot = "";
			targets = (
				9C1DEAB92D51E47E00C9F3A0 /* StockScreener */,
				9C1DEAC92D51E47F00C9F3A0 /* StockScreenerTests */,
				9C1DEAD32D51E47F00C9F3A0 /* StockScreenerUITests */,
			);
		};
/* End PBXProject section */

/* Begin PBXResourcesBuildPhase section */
		9C1DEAB82D51E47E00C9F3A0 /* Resources */ = {
			isa = PBXResourcesBuildPhase;
			buildActionMask = 2147483647;
			files = (
			);
			runOnlyForDeploymentPostprocessing = 0;
		};
		9C1DEAC82D51E47F00C9F3A0 /* Resources */ = {
			isa = PBXResourcesBuildPhase;
			buildActionMask = 2147483647;
			files = (
			);
			runOnlyForDeploymentPostprocessing = 0;
		};
		9C1DEAD22D51E47F00C9F3A0 /* Resources */ = {
			isa = PBXResourcesBuildPhase;
			buildActionMask = 2147483647;
			files = (
			);
			runOnlyForDeploymentPostprocessing = 0;
		};
/* End PBXResourcesBuildPhase section */

/* Begin PBXSourcesBuildPhase section */
		9C1DEAB62D51E47E00C9F3A0 /* Sources */ = {
			isa = PBXSourcesBuildPhase;
			buildActionMask = 2147483647;
			files = (
			);
			runOnlyForDeploymentPostprocessing = 0;
		};
		9C1DEAC62D51E47F00C9F3A0 /* Sources */ = {
			isa = PBXSourcesBuildPhase;
			buildActionMask = 2147483647;
			files = (
			);
			runOnlyForDeploymentPostprocessing = 0;
		};
		9C1DEAD02D51E47F00C9F3A0 /* Sources */ = {
			isa = PBXSourcesBuildPhase;
			buildActionMask = 2147483647;
			files = (
			);
			runOnlyForDeploymentPostprocessing = 0;
		};
/* End PBXSourcesBuildPhase section */

/* Begin PBXTargetDependency section */
		9C1DEACC2D51E47F00C9F3A0 /* PBXTargetDependency */ = {
			isa = PBXTargetDependency;
			target = 9C1DEAB92D51E47E00C9F3A0 /* StockScreener */;
			targetProxy = 9C1DEACB2D51E47F00C9F3A0 /* PBXContainerItemProxy */;
		};
		9C1DEAD62D51E47F00C9F3A0 /* PBXTargetDependency */ = {
			isa = PBXTargetDependency;
			target = 9C1DEAB92D51E47E00C9F3A0 /* StockScreener */;
			targetProxy = 9C1DEAD52D51E47F00C9F3A0 /* PBXContainerItemProxy */;
		};
/* End PBXTargetDependency section */

/* Begin XCBuildConfiguration section */
		9C1DEADC2D51E47F00C9F3A0 /* Debug */ = {
			isa = XCBuildConfiguration;
			buildSettings = {
				ALWAYS_SEARCH_USER_PATHS = NO;
				ASSETCATALOG_COMPILER_GENERATE_SWIFT_ASSET_SYMBOL_EXTENSIONS = YES;
				CLANG_ANALYZER_NONNULL = YES;
				CLANG_ANALYZER_NUMBER_OBJECT_CONVERSION = YES_AGGRESSIVE;
				CLANG_CXX_LANGUAGE_STANDARD = "gnu++20";
				CLANG_ENABLE_MODULES = YES;
				CLANG_ENABLE_OBJC_ARC = YES;
				CLANG_ENABLE_OBJC_WEAK = YES;
				CLANG_WARN_BLOCK_CAPTURE_AUTORELEASING = YES;
				CLANG_WARN_BOOL_CONVERSION = YES;
				CLANG_WARN_COMMA = YES;
				CLANG_WARN_CONSTANT_CONVERSION = YES;
				CLANG_WARN_DEPRECATED_OBJC_IMPLEMENTATIONS = YES;
				CLANG_WARN_DIRECT_OBJC_ISA_USAGE = YES_ERROR;
				CLANG_WARN_DOCUMENTATION_COMMENTS = YES;
				CLANG_WARN_EMPTY_BODY = YES;
				CLANG_WARN_ENUM_CONVERSION = YES;
				CLANG_WARN_INFINITE_RECURSION = YES;
				CLANG_WARN_INT_CONVERSION = YES;
				CLANG_WARN_NON_LITERAL_NULL_CONVERSION = YES;
				CLANG_WARN_OBJC_IMPLICIT_RETAIN_SELF = YES;
				CLANG_WARN_OBJC_LITERAL_CONVERSION = YES;
				CLANG_WARN_OBJC_ROOT_CLASS = YES_ERROR;
				CLANG_WARN_QUOTED_INCLUDE_IN_FRAMEWORK_HEADER = YES;
				CLANG_WARN_RANGE_LOOP_ANALYSIS = YES;
				CLANG_WARN_STRICT_PROTOTYPES = YES;
				CLANG_WARN_SUSPICIOUS_MOVE = YES;
				CLANG_WARN_UNGUARDED_AVAILABILITY = YES_AGGRESSIVE;
				CLANG_WARN_UNREACHABLE_CODE = YES;
				CLANG_WARN__DUPLICATE_METHOD_MATCH = YES;
				COPY_PHASE_STRIP = NO;
				DEBUG_INFORMATION_FORMAT = dwarf;
				ENABLE_STRICT_OBJC_MSGSEND = YES;
				ENABLE_TESTABILITY = YES;
				ENABLE_USER_SCRIPT_SANDBOXING = YES;
				GCC_C_LANGUAGE_STANDARD = gnu17;
				GCC_DYNAMIC_NO_PIC = NO;
				GCC_NO_COMMON_BLOCKS = YES;
				GCC_OPTIMIZATION_LEVEL = 0;
				GCC_PREPROCESSOR_DEFINITIONS = (
					"DEBUG=1",
					"$(inherited)",
				);
				GCC_WARN_64_TO_32_BIT_CONVERSION = YES;
				GCC_WARN_ABOUT_RETURN_TYPE = YES_ERROR;
				GCC_WARN_UNDECLARED_SELECTOR = YES;
				GCC_WARN_UNINITIALIZED_AUTOS = YES_AGGRESSIVE;
				GCC_WARN_UNUSED_FUNCTION = YES;
				GCC_WARN_UNUSED_VARIABLE = YES;
				IPHONEOS_DEPLOYMENT_TARGET = 18.1;
				LOCALIZATION_PREFERS_STRING_CATALOGS = YES;
				MTL_ENABLE_DEBUG_INFO = INCLUDE_SOURCE;
				MTL_FAST_MATH = YES;
				ONLY_ACTIVE_ARCH = YES;
				SDKROOT = iphoneos;
				SWIFT_ACTIVE_COMPILATION_CONDITIONS = "DEBUG $(inherited)";
				SWIFT_OPTIMIZATION_LEVEL = "-Onone";
			};
			name = Debug;
		};
		9C1DEADD2D51E47F00C9F3A0 /* Release */ = {
			isa = XCBuildConfiguration;
			buildSettings = {
				ALWAYS_SEARCH_USER_PATHS = NO;
				ASSETCATALOG_COMPILER_GENERATE_SWIFT_ASSET_SYMBOL_EXTENSIONS = YES;
				CLANG_ANALYZER_NONNULL = YES;
				CLANG_ANALYZER_NUMBER_OBJECT_CONVERSION = YES_AGGRESSIVE;
				CLANG_CXX_LANGUAGE_STANDARD = "gnu++20";
				CLANG_ENABLE_MODULES = YES;
				CLANG_ENABLE_OBJC_ARC = YES;
				CLANG_ENABLE_OBJC_WEAK = YES;
				CLANG_WARN_BLOCK_CAPTURE_AUTORELEASING = YES;
				CLANG_WARN_BOOL_CONVERSION = YES;
				CLANG_WARN_COMMA = YES;
				CLANG_WARN_CONSTANT_CONVERSION = YES;
				CLANG_WARN_DEPRECATED_OBJC_IMPLEMENTATIONS = YES;
				CLANG_WARN_DIRECT_OBJC_ISA_USAGE = YES_ERROR;
				CLANG_WARN_DOCUMENTATION_COMMENTS = YES;
				CLANG_WARN_EMPTY_BODY = YES;
				CLANG_WARN_ENUM_CONVERSION = YES;
				CLANG_WARN_INFINITE_RECURSION = YES;
				CLANG_WARN_INT_CONVERSION = YES;
				CLANG_WARN_NON_LITERAL_NULL_CONVERSION = YES;
				CLANG_WARN_OBJC_IMPLICIT_RETAIN_SELF = YES;
				CLANG_WARN_OBJC_LITERAL_CONVERSION = YES;
				CLANG_WARN_OBJC_ROOT_CLASS = YES_ERROR;
				CLANG_WARN_QUOTED_INCLUDE_IN_FRAMEWORK_HEADER = YES;
				CLANG_WARN_RANGE_LOOP_ANALYSIS = YES;
				CLANG_WARN_STRICT_PROTOTYPES = YES;
				CLANG_WARN_SUSPICIOUS_MOVE = YES;
				CLANG_WARN_UNGUARDED_AVAILABILITY = YES_AGGRESSIVE;
				CLANG_WARN_UNREACHABLE_CODE = YES;
				CLANG_WARN__DUPLICATE_METHOD_MATCH = YES;
				COPY_PHASE_STRIP = NO;
				DEBUG_INFORMATION_FORMAT = "dwarf-with-dsym";
				ENABLE_NS_ASSERTIONS = NO;
				ENABLE_STRICT_OBJC_MSGSEND = YES;
				ENABLE_USER_SCRIPT_SANDBOXING = YES;
				GCC_C_LANGUAGE_STANDARD = gnu17;
				GCC_NO_COMMON_BLOCKS = YES;
				GCC_WARN_64_TO_32_BIT_CONVERSION = YES;
				GCC_WARN_ABOUT_RETURN_TYPE = YES_ERROR;
				GCC_WARN_UNDECLARED_SELECTOR = YES;
				GCC_WARN_UNINITIALIZED_AUTOS = YES_AGGRESSIVE;
				GCC_WARN_UNUSED_FUNCTION = YES;
				GCC_WARN_UNUSED_VARIABLE = YES;
				IPHONEOS_DEPLOYMENT_TARGET = 18.1;
				LOCALIZATION_PREFERS_STRING_CATALOGS = YES;
				MTL_ENABLE_DEBUG_INFO = NO;
				MTL_FAST_MATH = YES;
				SDKROOT = iphoneos;
				SWIFT_COMPILATION_MODE = wholemodule;
				VALIDATE_PRODUCT = YES;
			};
			name = Release;
		};
		9C1DEADF2D51E47F00C9F3A0 /* Debug */ = {
			isa = XCBuildConfiguration;
			buildSettings = {
				ASSETCATALOG_COMPILER_APPICON_NAME = AppIcon;
				ASSETCATALOG_COMPILER_GLOBAL_ACCENT_COLOR_NAME = AccentColor;
				CODE_SIGN_STYLE = Automatic;
				CURRENT_PROJECT_VERSION = 1;
				DEVELOPMENT_ASSET_PATHS = "\"StockScreener/Preview Content\"";
				DEVELOPMENT_TEAM = 75RD785HLR;
				ENABLE_PREVIEWS = YES;
				GENERATE_INFOPLIST_FILE = YES;
				INFOPLIST_KEY_UIApplicationSceneManifest_Generation = YES;
				INFOPLIST_KEY_UIApplicationSupportsIndirectInputEvents = YES;
				INFOPLIST_KEY_UILaunchScreen_Generation = YES;
				INFOPLIST_KEY_UISupportedInterfaceOrientations = UIInterfaceOrientationPortrait;
				IPHONEOS_DEPLOYMENT_TARGET = 15.6;
				LD_RUNPATH_SEARCH_PATHS = (
					"$(inherited)",
					"@executable_path/Frameworks",
				);
				MARKETING_VERSION = 1.0;
				PRODUCT_BUNDLE_IDENTIFIER = ios.dev..StockScreener;
				PRODUCT_NAME = "$(TARGET_NAME)";
				SWIFT_EMIT_LOC_STRINGS = YES;
				SWIFT_VERSION = 5.0;
				TARGETED_DEVICE_FAMILY = "1,2";
			};
			name = Debug;
		};
		9C1DEAE02D51E47F00C9F3A0 /* Release */ = {
			isa = XCBuildConfiguration;
			buildSettings = {
				ASSETCATALOG_COMPILER_APPICON_NAME = AppIcon;
				ASSETCATALOG_COMPILER_GLOBAL_ACCENT_COLOR_NAME = AccentColor;
				CODE_SIGN_STYLE = Automatic;
				CURRENT_PROJECT_VERSION = 1;
				DEVELOPMENT_ASSET_PATHS = "\"StockScreener/Preview Content\"";
				DEVELOPMENT_TEAM = 75RD785HLR;
				ENABLE_PREVIEWS = YES;
				GENERATE_INFOPLIST_FILE = YES;
				INFOPLIST_KEY_UIApplicationSceneManifest_Generation = YES;
				INFOPLIST_KEY_UIApplicationSupportsIndirectInputEvents = YES;
				INFOPLIST_KEY_UILaunchScreen_Generation = YES;
				INFOPLIST_KEY_UISupportedInterfaceOrientations = UIInterfaceOrientationPortrait;
				IPHONEOS_DEPLOYMENT_TARGET = 15.6;
				LD_RUNPATH_SEARCH_PATHS = (
					"$(inherited)",
					"@executable_path/Frameworks",
				);
				MARKETING_VERSION = 1.0;
				PRODUCT_BUNDLE_IDENTIFIER = ios.dev..StockScreener;
				PRODUCT_NAME = "$(TARGET_NAME)";
				SWIFT_EMIT_LOC_STRINGS = YES;
				SWIFT_VERSION = 5.0;
				TARGETED_DEVICE_FAMILY = "1,2";
			};
			name = Release;
		};
		9C1DEAE22D51E47F00C9F3A0 /* Debug */ = {
			isa = XCBuildConfiguration;
			buildSettings = {
				BUNDLE_LOADER = "$(TEST_HOST)";
				CODE_SIGN_STYLE = Automatic;
				CURRENT_PROJECT_VERSION = 1;
				DEVELOPMENT_TEAM = 75RD785HLR;
				GENERATE_INFOPLIST_FILE = YES;
				IPHONEOS_DEPLOYMENT_TARGET = 18.1;
				MARKETING_VERSION = 1.0;
				PRODUCT_BUNDLE_IDENTIFIER = ios.dev..StockScreenerTests;
				PRODUCT_NAME = "$(TARGET_NAME)";
				SWIFT_EMIT_LOC_STRINGS = NO;
				SWIFT_VERSION = 5.0;
				TARGETED_DEVICE_FAMILY = "1,2";
				TEST_HOST = "$(BUILT_PRODUCTS_DIR)/StockScreener.app/$(BUNDLE_EXECUTABLE_FOLDER_PATH)/StockScreener";
			};
			name = Debug;
		};
		9C1DEAE32D51E47F00C9F3A0 /* Release */ = {
			isa = XCBuildConfiguration;
			buildSettings = {
				BUNDLE_LOADER = "$(TEST_HOST)";
				CODE_SIGN_STYLE = Automatic;
				CURRENT_PROJECT_VERSION = 1;
				DEVELOPMENT_TEAM = 75RD785HLR;
				GENERATE_INFOPLIST_FILE = YES;
				IPHONEOS_DEPLOYMENT_TARGET = 18.1;
				MARKETING_VERSION = 1.0;
				PRODUCT_BUNDLE_IDENTIFIER = ios.dev..StockScreenerTests;
				PRODUCT_NAME = "$(TARGET_NAME)";
				SWIFT_EMIT_LOC_STRINGS = NO;
				SWIFT_VERSION = 5.0;
				TARGETED_DEVICE_FAMILY = "1,2";
				TEST_HOST = "$(BUILT_PRODUCTS_DIR)/StockScreener.app/$(BUNDLE_EXECUTABLE_FOLDER_PATH)/StockScreener";
			};
			name = Release;
		};
		9C1DEAE52D51E47F00C9F3A0 /* Debug */ = {
			isa = XCBuildConfiguration;
			buildSettings = {
				CODE_SIGN_STYLE = Automatic;
				CURRENT_PROJECT_VERSION = 1;
				DEVELOPMENT_TEAM = 75RD785HLR;
				GENERATE_INFOPLIST_FILE = YES;
				MARKETING_VERSION = 1.0;
				PRODUCT_BUNDLE_IDENTIFIER = ios.dev..StockScreenerUITests;
				PRODUCT_NAME = "$(TARGET_NAME)";
				SWIFT_EMIT_LOC_STRINGS = NO;
				SWIFT_VERSION = 5.0;
				TARGETED_DEVICE_FAMILY = "1,2";
				TEST_TARGET_NAME = StockScreener;
			};
			name = Debug;
		};
		9C1DEAE62D51E47F00C9F3A0 /* Release */ = {
			isa = XCBuildConfiguration;
			buildSettings = {
				CODE_SIGN_STYLE = Automatic;
				CURRENT_PROJECT_VERSION = 1;
				DEVELOPMENT_TEAM = 75RD785HLR;
				GENERATE_INFOPLIST_FILE = YES;
				MARKETING_VERSION = 1.0;
				PRODUCT_BUNDLE_IDENTIFIER = ios.dev..StockScreenerUITests;
				PRODUCT_NAME = "$(TARGET_NAME)";
				SWIFT_EMIT_LOC_STRINGS = NO;
				SWIFT_VERSION = 5.0;
				TARGETED_DEVICE_FAMILY = "1,2";
				TEST_TARGET_NAME = StockScreener;
			};
			name = Release;
		};
/* End XCBuildConfiguration section */

/* Begin XCConfigurationList section */
		9C1DEAB52D51E47E00C9F3A0 /* Build configuration list for PBXProject "StockScreener" */ = {
			isa = XCConfigurationList;
			buildConfigurations = (
				9C1DEADC2D51E47F00C9F3A0 /* Debug */,
				9C1DEADD2D51E47F00C9F3A0 /* Release */,
			);
			defaultConfigurationIsVisible = 0;
			defaultConfigurationName = Release;
		};
		9C1DEADE2D51E47F00C9F3A0 /* Build configuration list for PBXNativeTarget "StockScreener" */ = {
			isa = XCConfigurationList;
			buildConfigurations = (
				9C1DEADF2D51E47F00C9F3A0 /* Debug */,
				9C1DEAE02D51E47F00C9F3A0 /* Release */,
			);
			defaultConfigurationIsVisible = 0;
			defaultConfigurationName = Release;
		};
		9C1DEAE12D51E47F00C9F3A0 /* Build configuration list for PBXNativeTarget "StockScreenerTests" */ = {
			isa = XCConfigurationList;
			buildConfigurations = (
				9C1DEAE22D51E47F00C9F3A0 /* Debug */,
				9C1DEAE32D51E47F00C9F3A0 /* Release */,
			);
			defaultConfigurationIsVisible = 0;
			defaultConfigurationName = Release;
		};
		9C1DEAE42D51E47F00C9F3A0 /* Build configuration list for PBXNativeTarget "StockScreenerUITests" */ = {
			isa = XCConfigurationList;
			buildConfigurations = (
				9C1DEAE52D51E47F00C9F3A0 /* Debug */,
				9C1DEAE62D51E47F00C9F3A0 /* Release */,
			);
			defaultConfigurationIsVisible = 0;
			defaultConfigurationName = Release;
		};
/* End XCConfigurationList section */
	};
	rootObject = 9C1DEAB22D51E47E00C9F3A0 /* Project object */;
}
